
Microsoft Visual Studio Solution File, Format Version 12.00
# Visual Studio Version 17
VisualStudioVersion = 17.6.33829.357
MinimumVisualStudioVersion = 10.0.40219.1
Project("{FAE04EC0-301F-11D3-BF4B-00C04F79EFBC}") = "Nhom08_QuanLyKhuyenMai", "Nhom08_QuanLyKhuyenMai\Nhom08_QuanLyKhuyenMai.csproj", "{CBF1A595-45A1-4021-BA34-4C613083ACD2}"
EndProject
Global
	GlobalSection(SolutionConfigurationPlatforms) = preSolution
		Debug|Any CPU = Debug|Any CPU
		Release|Any CPU = Release|Any CPU
	EndGlobalSection
	GlobalSection(ProjectConfigurationPlatforms) = postSolution
		{CBF1A595-45A1-4021-BA34-4C613083ACD2}.Debug|Any CPU.ActiveCfg = Debug|Any CPU
		{CBF1A595-45A1-4021-BA34-4C613083ACD2}.Debug|Any CPU.Build.0 = Debug|Any CPU
		{CBF1A595-45A1-4021-BA34-4C613083ACD2}.Release|Any CPU.ActiveCfg = Release|Any CPU
		{CBF1A595-45A1-4021-BA34-4C613083ACD2}.Release|Any CPU.Build.0 = Release|Any CPU
	EndGlobalSection
	GlobalSection(SolutionProperties) = preSolution
		HideSolutionNode = FALSE
	EndGlobalSection
	GlobalSection(ExtensibilityGlobals) = postSolution
		SolutionGuid = {6B63835D-04A9-41BF-A988-9B85FF8F39AC}
	EndGlobalSection
EndGlobal
